
Microsoft Visual Studio Solution File, Format Version 12.00
# Visual Studio Version 16
VisualStudioVersion = 16.0.33027.164
MinimumVisualStudioVersion = 10.0.40219.1
Project("{FAE04EC0-301F-11D3-BF4B-00C04F79EFBC}") = "odev1", "odev1\odev1.csproj", "{82C6F46C-3493-4532-9955-3368C1AA08CC}"
EndProject
Global
	GlobalSection(SolutionConfigurationPlatforms) = preSolution
		Debug|Any CPU = Debug|Any CPU
		Release|Any CPU = Release|Any CPU
	EndGlobalSection
	GlobalSection(ProjectConfigurationPlatforms) = postSolution
		{82C6F46C-3493-4532-9955-3368C1AA08CC}.Debug|Any CPU.ActiveCfg = Debug|Any CPU
		{82C6F46C-3493-4532-9955-3368C1AA08CC}.Debug|Any CPU.Build.0 = Debug|Any CPU
		{82C6F46C-3493-4532-9955-3368C1AA08CC}.Release|Any CPU.ActiveCfg = Release|Any CPU
		{82C6F46C-3493-4532-9955-3368C1AA08CC}.Release|Any CPU.Build.0 = Release|Any CPU
	EndGlobalSection
	GlobalSection(SolutionProperties) = preSolution
		HideSolutionNode = FALSE
	EndGlobalSection
	GlobalSection(ExtensibilityGlobals) = postSolution
		SolutionGuid = {DB7074DA-6A85-40FA-B59A-F2D06F9960BC}
	EndGlobalSection
EndGlobal
