
Microsoft Visual Studio Solution File, Format Version 12.00
# Visual Studio Version 16
VisualStudioVersion = 16.0.33027.164
MinimumVisualStudioVersion = 10.0.40219.1
Project("{FAE04EC0-301F-11D3-BF4B-00C04F79EFBC}") = "odev4", "odev4\odev4.csproj", "{B8E9C52B-63FC-4D0B-9F1D-425BE9890243}"
EndProject
Global
	GlobalSection(SolutionConfigurationPlatforms) = preSolution
		Debug|Any CPU = Debug|Any CPU
		Release|Any CPU = Release|Any CPU
	EndGlobalSection
	GlobalSection(ProjectConfigurationPlatforms) = postSolution
		{B8E9C52B-63FC-4D0B-9F1D-425BE9890243}.Debug|Any CPU.ActiveCfg = Debug|Any CPU
		{B8E9C52B-63FC-4D0B-9F1D-425BE9890243}.Debug|Any CPU.Build.0 = Debug|Any CPU
		{B8E9C52B-63FC-4D0B-9F1D-425BE9890243}.Release|Any CPU.ActiveCfg = Release|Any CPU
		{B8E9C52B-63FC-4D0B-9F1D-425BE9890243}.Release|Any CPU.Build.0 = Release|Any CPU
	EndGlobalSection
	GlobalSection(SolutionProperties) = preSolution
		HideSolutionNode = FALSE
	EndGlobalSection
	GlobalSection(ExtensibilityGlobals) = postSolution
		SolutionGuid = {23D45EA4-9CDD-47BE-AC95-D8ABD7EA2DD4}
	EndGlobalSection
EndGlobal
