
Microsoft Visual Studio Solution File, Format Version 12.00
# Visual Studio Version 16
VisualStudioVersion = 16.0.33027.164
MinimumVisualStudioVersion = 10.0.40219.1
Project("{FAE04EC0-301F-11D3-BF4B-00C04F79EFBC}") = "odev6", "odev6\odev6.csproj", "{DED6A096-9E31-4E2F-894C-405BA2D5952E}"
EndProject
Global
	GlobalSection(SolutionConfigurationPlatforms) = preSolution
		Debug|Any CPU = Debug|Any CPU
		Release|Any CPU = Release|Any CPU
	EndGlobalSection
	GlobalSection(ProjectConfigurationPlatforms) = postSolution
		{DED6A096-9E31-4E2F-894C-405BA2D5952E}.Debug|Any CPU.ActiveCfg = Debug|Any CPU
		{DED6A096-9E31-4E2F-894C-405BA2D5952E}.Debug|Any CPU.Build.0 = Debug|Any CPU
		{DED6A096-9E31-4E2F-894C-405BA2D5952E}.Release|Any CPU.ActiveCfg = Release|Any CPU
		{DED6A096-9E31-4E2F-894C-405BA2D5952E}.Release|Any CPU.Build.0 = Release|Any CPU
	EndGlobalSection
	GlobalSection(SolutionProperties) = preSolution
		HideSolutionNode = FALSE
	EndGlobalSection
	GlobalSection(ExtensibilityGlobals) = postSolution
		SolutionGuid = {110449A2-DA08-4BCF-B4D0-3E0FD57908C8}
	EndGlobalSection
EndGlobal
