
Microsoft Visual Studio Solution File, Format Version 12.00
# Visual Studio Version 16
VisualStudioVersion = 16.0.33027.164
MinimumVisualStudioVersion = 10.0.40219.1
Project("{FAE04EC0-301F-11D3-BF4B-00C04F79EFBC}") = "odev5", "odev5\odev5.csproj", "{AAC16E37-9856-4521-9FA8-471116BCE699}"
EndProject
Global
	GlobalSection(SolutionConfigurationPlatforms) = preSolution
		Debug|Any CPU = Debug|Any CPU
		Release|Any CPU = Release|Any CPU
	EndGlobalSection
	GlobalSection(ProjectConfigurationPlatforms) = postSolution
		{AAC16E37-9856-4521-9FA8-471116BCE699}.Debug|Any CPU.ActiveCfg = Debug|Any CPU
		{AAC16E37-9856-4521-9FA8-471116BCE699}.Debug|Any CPU.Build.0 = Debug|Any CPU
		{AAC16E37-9856-4521-9FA8-471116BCE699}.Release|Any CPU.ActiveCfg = Release|Any CPU
		{AAC16E37-9856-4521-9FA8-471116BCE699}.Release|Any CPU.Build.0 = Release|Any CPU
	EndGlobalSection
	GlobalSection(SolutionProperties) = preSolution
		HideSolutionNode = FALSE
	EndGlobalSection
	GlobalSection(ExtensibilityGlobals) = postSolution
		SolutionGuid = {BEC15D56-C5C0-4976-9D4B-AADF029E1872}
	EndGlobalSection
EndGlobal
